
Microsoft Visual Studio Solution File, Format Version 12.00
# Visual Studio Version 16
VisualStudioVersion = 16.0.30523.141
MinimumVisualStudioVersion = 10.0.40219.1
Project("{FAE04EC0-301F-11D3-BF4B-00C04F79EFBC}") = "middlewareExec2", "middlewareExec2.csproj", "{47563A76-982F-4D1A-A649-3500ADB33F12}"
EndProject
Global
	GlobalSection(SolutionConfigurationPlatforms) = preSolution
		Debug|Any CPU = Debug|Any CPU
		Release|Any CPU = Release|Any CPU
	EndGlobalSection
	GlobalSection(ProjectConfigurationPlatforms) = postSolution
		{47563A76-982F-4D1A-A649-3500ADB33F12}.Debug|Any CPU.ActiveCfg = Debug|Any CPU
		{47563A76-982F-4D1A-A649-3500ADB33F12}.Debug|Any CPU.Build.0 = Debug|Any CPU
		{47563A76-982F-4D1A-A649-3500ADB33F12}.Release|Any CPU.ActiveCfg = Release|Any CPU
		{47563A76-982F-4D1A-A649-3500ADB33F12}.Release|Any CPU.Build.0 = Release|Any CPU
	EndGlobalSection
	GlobalSection(SolutionProperties) = preSolution
		HideSolutionNode = FALSE
	EndGlobalSection
	GlobalSection(ExtensibilityGlobals) = postSolution
		SolutionGuid = {89D0FD49-3830-468B-875E-B36A12A4719E}
	EndGlobalSection
EndGlobal
